
Microsoft Visual Studio Solution File, Format Version 12.00
# Visual Studio Version 16
VisualStudioVersion = 16.0.33027.164
MinimumVisualStudioVersion = 10.0.40219.1
Project("{FAE04EC0-301F-11D3-BF4B-00C04F79EFBC}") = "Employee", "Employee\Employee.csproj", "{7EE81D18-2F7F-4C12-8B6D-78C5E3F2F413}"
EndProject
Project("{FAE04EC0-301F-11D3-BF4B-00C04F79EFBC}") = "Employeemodel", "Employeemodel\Employeemodel.csproj", "{AF4E6111-A5EA-4959-AC60-31044CC115AF}"
EndProject
Project("{FAE04EC0-301F-11D3-BF4B-00C04F79EFBC}") = "EmployeeDAL", "EmployeeDAL\EmployeeDAL.csproj", "{EBF48FCA-BAE2-411A-A121-E38C2686D1D8}"
EndProject
Project("{FAE04EC0-301F-11D3-BF4B-00C04F79EFBC}") = "EmployeeBAL", "EmployeeBAL\EmployeeBAL.csproj", "{35F5AE25-BE4B-47BA-B6C9-F34C217B2628}"
EndProject
Global
	GlobalSection(SolutionConfigurationPlatforms) = preSolution
		Debug|Any CPU = Debug|Any CPU
		Release|Any CPU = Release|Any CPU
	EndGlobalSection
	GlobalSection(ProjectConfigurationPlatforms) = postSolution
		{7EE81D18-2F7F-4C12-8B6D-78C5E3F2F413}.Debug|Any CPU.ActiveCfg = Debug|Any CPU
		{7EE81D18-2F7F-4C12-8B6D-78C5E3F2F413}.Debug|Any CPU.Build.0 = Debug|Any CPU
		{7EE81D18-2F7F-4C12-8B6D-78C5E3F2F413}.Release|Any CPU.ActiveCfg = Release|Any CPU
		{7EE81D18-2F7F-4C12-8B6D-78C5E3F2F413}.Release|Any CPU.Build.0 = Release|Any CPU
		{AF4E6111-A5EA-4959-AC60-31044CC115AF}.Debug|Any CPU.ActiveCfg = Debug|Any CPU
		{AF4E6111-A5EA-4959-AC60-31044CC115AF}.Debug|Any CPU.Build.0 = Debug|Any CPU
		{AF4E6111-A5EA-4959-AC60-31044CC115AF}.Release|Any CPU.ActiveCfg = Release|Any CPU
		{AF4E6111-A5EA-4959-AC60-31044CC115AF}.Release|Any CPU.Build.0 = Release|Any CPU
		{EBF48FCA-BAE2-411A-A121-E38C2686D1D8}.Debug|Any CPU.ActiveCfg = Debug|Any CPU
		{EBF48FCA-BAE2-411A-A121-E38C2686D1D8}.Debug|Any CPU.Build.0 = Debug|Any CPU
		{EBF48FCA-BAE2-411A-A121-E38C2686D1D8}.Release|Any CPU.ActiveCfg = Release|Any CPU
		{EBF48FCA-BAE2-411A-A121-E38C2686D1D8}.Release|Any CPU.Build.0 = Release|Any CPU
		{35F5AE25-BE4B-47BA-B6C9-F34C217B2628}.Debug|Any CPU.ActiveCfg = Debug|Any CPU
		{35F5AE25-BE4B-47BA-B6C9-F34C217B2628}.Debug|Any CPU.Build.0 = Debug|Any CPU
		{35F5AE25-BE4B-47BA-B6C9-F34C217B2628}.Release|Any CPU.ActiveCfg = Release|Any CPU
		{35F5AE25-BE4B-47BA-B6C9-F34C217B2628}.Release|Any CPU.Build.0 = Release|Any CPU
	EndGlobalSection
	GlobalSection(SolutionProperties) = preSolution
		HideSolutionNode = FALSE
	EndGlobalSection
	GlobalSection(ExtensibilityGlobals) = postSolution
		SolutionGuid = {0A51F025-FFC7-43F9-83D4-79A2F4845C57}
	EndGlobalSection
EndGlobal
